{
  "name": "@ton-l2-rollup/sdk",
  "version": "0.1.0",
  "lockfileVersion": 3,
  "requires": true,
  "packages": {
    "": {
      "name": "@ton-l2-rollup/sdk",
      "version": "0.1.0",
      "dependencies": {
        "@ton/core": "^0.61.0",
        "tweetnacl": "^1.0.3"
      },
      "devDependencies": {
        "@types/node": "^22.15.30",
        "typescript": "^5.9.2"
      }
    },
    "node_modules/@ton/core": {
      "version": "0.61.0",
      "resolved": "https://registry.npmjs.org/@ton/core/-/core-0.61.0.tgz",
      "integrity": "sha512-0qyVfP2dDue2bq80ydXggo2MlufcmzuFk6G94qRrZxvyQ3NSe4UeBTeRf1gQmN7tywgTsX2gS61e4yvJrlUu4Q==",
      "license": "MIT",
      "dependencies": {
        "symbol.inspect": "1.0.1"
      },
      "peerDependencies": {
        "@ton/crypto": ">=3.2.0"
      }
    },
    "node_modules/@ton/crypto": {
      "version": "3.3.0",
      "resolved": "https://registry.npmjs.org/@ton/crypto/-/crypto-3.3.0.tgz",
      "integrity": "sha512-/A6CYGgA/H36OZ9BbTaGerKtzWp50rg67ZCH2oIjV1NcrBaCK9Z343M+CxedvM7Haf3f/Ee9EhxyeTp0GKMUpA==",
      "license": "MIT",
      "peer": true,
      "dependencies": {
        "@ton/crypto-primitives": "2.1.0",
        "jssha": "3.2.0",
        "tweetnacl": "1.0.3"
      }
    },
    "node_modules/@ton/crypto-primitives": {
      "version": "2.1.0",
      "resolved": "https://registry.npmjs.org/@ton/crypto-primitives/-/crypto-primitives-2.1.0.tgz",
      "integrity": "sha512-PQesoyPgqyI6vzYtCXw4/ZzevePc4VGcJtFwf08v10OevVJHVfW238KBdpj1kEDQkxWLeuNHEpTECNFKnP6tow==",
      "license": "MIT",
      "peer": true,
      "dependencies": {
        "jssha": "3.2.0"
      }
    },
    "node_modules/@types/node": {
      "version": "22.19.19",
      "resolved": "https://registry.npmjs.org/@types/node/-/node-22.19.19.tgz",
      "integrity": "sha512-dyh/xO2Fh5bYrfWaaqGrRQQGkNdmYw6AmaAUvYeUMNTWQtvb796ikLdmTchRmOlOiIJ1TDXfWgVx1QkUlQ6Hew==",
      "dev": true,
      "license": "MIT",
      "dependencies": {
        "undici-types": "~6.21.0"
      }
    },
    "node_modules/jssha": {
      "version": "3.2.0",
      "resolved": "https://registry.npmjs.org/jssha/-/jssha-3.2.0.tgz",
      "integrity": "sha512-QuruyBENDWdN4tZwJbQq7/eAK85FqrI4oDbXjy5IBhYD+2pTJyBUWZe8ctWaCkrV0gy6AaelgOZZBMeswEa/6Q==",
      "license": "BSD-3-Clause",
      "peer": true,
      "engines": {
        "node": "*"
      }
    },
    "node_modules/symbol.inspect": {
      "version": "1.0.1",
      "resolved": "https://registry.npmjs.org/symbol.inspect/-/symbol.inspect-1.0.1.tgz",
      "integrity": "sha512-YQSL4duoHmLhsTD1Pw8RW6TZ5MaTX5rXJnqacJottr2P2LZBF/Yvrc3ku4NUpMOm8aM0KOCqM+UAkMA5HWQCzQ==",
      "license": "ISC"
    },
    "node_modules/tweetnacl": {
      "version": "1.0.3",
      "resolved": "https://registry.npmjs.org/tweetnacl/-/tweetnacl-1.0.3.tgz",
      "integrity": "sha512-6rt+RN7aOi1nGMyC4Xa5DdYiukl2UWCbcJft7YhxReBGQD7OAM8Pbxw6YMo4r2diNEA8FEmu32YOn9rhaiE5yw==",
      "license": "Unlicense"
    },
    "node_modules/typescript": {
      "version": "5.9.3",
      "resolved": "https://registry.npmjs.org/typescript/-/typescript-5.9.3.tgz",
      "integrity": "sha512-jl1vZzPDinLr9eUt3J/t7V6FgNEw9QjvBPdysz9KfQDD41fQrC2Y4vKQdiaUpFT4bXlb1RHhLpp8wtm6M5TgSw==",
      "dev": true,
      "license": "Apache-2.0",
      "bin": {
        "tsc": "bin/tsc",
        "tsserver": "bin/tsserver"
      },
      "engines": {
        "node": ">=14.17"
      }
    },
    "node_modules/undici-types": {
      "version": "6.21.0",
      "resolved": "https://registry.npmjs.org/undici-types/-/undici-types-6.21.0.tgz",
      "integrity": "sha512-iwDZqg0QAGrg9Rav5H4n0M64c3mkR59cJ6wQp+7C4nI0gsmExaedaYLNO44eT4AtBBwjbTiGPMlt2Md0T9H9JQ==",
      "dev": true,
      "license": "MIT"
    }
  }
}
